
Microsoft Visual Studio Solution File, Format Version 12.00
# Visual Studio 15
VisualStudioVersion = 15.0.28307.106
MinimumVisualStudioVersion = 10.0.40219.1
Project("{FAE04EC0-301F-11D3-BF4B-00C04F79EFBC}") = "gestionClub", "gestionClub\gestionClub.csproj", "{BB3CC6CB-23F2-4F8A-AD85-B7F0C9D69D1C}"
EndProject
Global
	GlobalSection(SolutionConfigurationPlatforms) = preSolution
		Debug|Any CPU = Debug|Any CPU
		Release|Any CPU = Release|Any CPU
	EndGlobalSection
	GlobalSection(ProjectConfigurationPlatforms) = postSolution
		{BB3CC6CB-23F2-4F8A-AD85-B7F0C9D69D1C}.Debug|Any CPU.ActiveCfg = Debug|Any CPU
		{BB3CC6CB-23F2-4F8A-AD85-B7F0C9D69D1C}.Debug|Any CPU.Build.0 = Debug|Any CPU
		{BB3CC6CB-23F2-4F8A-AD85-B7F0C9D69D1C}.Release|Any CPU.ActiveCfg = Release|Any CPU
		{BB3CC6CB-23F2-4F8A-AD85-B7F0C9D69D1C}.Release|Any CPU.Build.0 = Release|Any CPU
	EndGlobalSection
	GlobalSection(SolutionProperties) = preSolution
		HideSolutionNode = FALSE
	EndGlobalSection
	GlobalSection(ExtensibilityGlobals) = postSolution
		SolutionGuid = {179FAB06-A7F6-4B37-AAEE-B24BAA3D47CB}
	EndGlobalSection
EndGlobal
